{
  "version": 1,
  "dependencies": {
    "net10.0": {
      "Microsoft.AspNetCore.Authentication.JwtBearer": {
        "type": "Direct",
        "requested": "[10.0.9, )",
        "resolved": "10.0.9",
        "contentHash": "Hs5NDsGm8YicDDNx5RoBIT+H2AB9R27MvZ2gHoupTiHr+nnH3VxzY7DcmlbJ3b5DvvOhK35lWt/9Odtrq9sjtA==",
        "dependencies": {
          "Microsoft.IdentityModel.Protocols.OpenIdConnect": "8.0.1"
        }
      },
      "Microsoft.AspNetCore.Authentication.OpenIdConnect": {
        "type": "Direct",
        "requested": "[10.0.9, )",
        "resolved": "10.0.9",
        "contentHash": "Xvmxf86pKWHk9aSdqIQP7ao4qTLsYoiYgtbe75YP2aSCdGY4EHjaWOD0IWVR4/wcukrdj6DfqJRtVniUXSr5Nw==",
        "dependencies": {
          "Microsoft.IdentityModel.Protocols.OpenIdConnect": "8.0.1"
        }
      },
      "Microsoft.AspNetCore.OpenApi": {
        "type": "Direct",
        "requested": "[10.0.9, )",
        "resolved": "10.0.9",
        "contentHash": "1ihb8FO9cGgEK1/m3CTtT/SfnynwmiZib0W2pcDVj3KSWk/Sca4VOXEtaptKQc582zpFrzTFiwkGRCglt6H+WQ==",
        "dependencies": {
          "Microsoft.OpenApi": "2.0.0"
        }
      },
      "Microsoft.OpenApi": {
        "type": "Direct",
        "requested": "[2.7.5, )",
        "resolved": "2.7.5",
        "contentHash": "0FA67RSnRM4tcBKqiqVu/HPdZ9+QOKbmeRjxRUGTCjPU4C0bmUhd97Dso7Yild5P7nOV6GxJ2xrK0Kv/O9xp0w=="
      },
      "Npgsql.OpenTelemetry": {
        "type": "Direct",
        "requested": "[10.0.3, )",
        "resolved": "10.0.3",
        "contentHash": "ShsdG/FHxJ2VuWM6tebJL/mCWkcxymmvtENN59c85EsJdT4TStWwwtgZoBu/9UvC0qi1jpFZ6bOfl9ijiWD+vA==",
        "dependencies": {
          "Npgsql": "10.0.3",
          "OpenTelemetry.API": "1.15.3"
        }
      },
      "OpenTelemetry.Exporter.OpenTelemetryProtocol": {
        "type": "Direct",
        "requested": "[1.18.0, )",
        "resolved": "1.18.0",
        "contentHash": "Et3WAviooKGObZjUZN8d6eTsdJs1YM3ZoN+KlWSAHksTmHG1nyGi9XGo2wb0fkFMWK0g80FOPdR1njg52Dm+aw==",
        "dependencies": {
          "OpenTelemetry": "1.18.0"
        }
      },
      "OpenTelemetry.Extensions.Hosting": {
        "type": "Direct",
        "requested": "[1.18.0, )",
        "resolved": "1.18.0",
        "contentHash": "u+JMA82H65MKwMvd2qUpL8C2qE4Jux2nvX9hmy036UK/Apv2YyIRYCttF/vlX6nMPcAKI8BXkscmL4QG3C69fw==",
        "dependencies": {
          "OpenTelemetry": "1.18.0"
        }
      },
      "OpenTelemetry.Instrumentation.AspNetCore": {
        "type": "Direct",
        "requested": "[1.18.0, )",
        "resolved": "1.18.0",
        "contentHash": "hBiMXE/CGIAHUOpi0gScNkjHB0L9XbCin5lZObL+dMBl4OmpndnHgxP3JZDnnGtU6qOzdeh8TYUV9f6Jgmmhlw==",
        "dependencies": {
          "OpenTelemetry.Api.ProviderBuilderExtensions": "[1.18.0, 2.0.0)"
        }
      },
      "OpenTelemetry.Instrumentation.Http": {
        "type": "Direct",
        "requested": "[1.18.0, )",
        "resolved": "1.18.0",
        "contentHash": "/X57peOOa4a+9V4DSVXbuIWdsAxmU5gsxw8lu+gJU0zuewsYhC9f6qdm8GEW0VvqG9e+gxn0HdVR5G3YHcWDTw==",
        "dependencies": {
          "OpenTelemetry.Api.ProviderBuilderExtensions": "[1.18.0, 2.0.0)"
        }
      },
      "OpenTelemetry.Instrumentation.Runtime": {
        "type": "Direct",
        "requested": "[1.18.0, )",
        "resolved": "1.18.0",
        "contentHash": "McuXGjBJDL/Cown2PxfUQysK98MZG7ZDjO/IKUtaAx8t1m0PB0d+QtJC79RFTVipMhRIwjJiULNOp0OGfZbvwg==",
        "dependencies": {
          "OpenTelemetry.Api": "[1.18.0, 2.0.0)"
        }
      },
      "Scalar.AspNetCore": {
        "type": "Direct",
        "requested": "[2.17.3, )",
        "resolved": "2.17.3",
        "contentHash": "TwAf1zy/MH2famozcDqk9+/jD37VAbonRXfnjAso0Q2YKeWtA0kH59WxhuevvAxWDL3jUU3TDpNmUFS2gF9bHw=="
      },
      "MediatR": {
        "type": "Transitive",
        "resolved": "12.5.0",
        "contentHash": "vqm2H8/nqL5NAJHPhsG1JOPwfkmbVrPyh4svdoRzu+uZh6Ex7PRoHBGsLYC0/RWCEJFqD1ohHNpteQvql9OktA==",
        "dependencies": {
          "MediatR.Contracts": "[2.0.1, 3.0.0)"
        }
      },
      "MediatR.Contracts": {
        "type": "Transitive",
        "resolved": "2.0.1",
        "contentHash": "FYv95bNT4UwcNA+G/J1oX5OpRiSUxteXaUt2BJbRSdRNiIUNbggJF69wy6mnk2wYToaanpdXZdCwVylt96MpwQ=="
      },
      "Microsoft.IdentityModel.Abstractions": {
        "type": "Transitive",
        "resolved": "8.0.1",
        "contentHash": "OtlIWcyX01olfdevPKZdIPfBEvbcioDyBiE/Z2lHsopsMD7twcKtlN9kMevHmI5IIPhFpfwCIiR6qHQz1WHUIw=="
      },
      "Microsoft.IdentityModel.JsonWebTokens": {
        "type": "Transitive",
        "resolved": "8.0.1",
        "contentHash": "s6++gF9x0rQApQzOBbSyp4jUaAlwm+DroKfL8gdOHxs83k8SJfUXhuc46rDB3rNXBQ1MVRxqKUrqFhO/M0E97g==",
        "dependencies": {
          "Microsoft.IdentityModel.Tokens": "8.0.1"
        }
      },
      "Microsoft.IdentityModel.Logging": {
        "type": "Transitive",
        "resolved": "8.0.1",
        "contentHash": "UCPF2exZqBXe7v/6sGNiM6zCQOUXXQ9+v5VTb9gPB8ZSUPnX53BxlN78v2jsbIvK9Dq4GovQxo23x8JgWvm/Qg==",
        "dependencies": {
          "Microsoft.IdentityModel.Abstractions": "8.0.1"
        }
      },
      "Microsoft.IdentityModel.Protocols": {
        "type": "Transitive",
        "resolved": "8.0.1",
        "contentHash": "uA2vpKqU3I2mBBEaeJAWPTjT9v1TZrGWKdgK6G5qJd03CLx83kdiqO9cmiK8/n1erkHzFBwU/RphP83aAe3i3g==",
        "dependencies": {
          "Microsoft.IdentityModel.Tokens": "8.0.1"
        }
      },
      "Microsoft.IdentityModel.Protocols.OpenIdConnect": {
        "type": "Transitive",
        "resolved": "8.0.1",
        "contentHash": "AQDbfpL+yzuuGhO/mQhKNsp44pm5Jv8/BI4KiFXR7beVGZoSH35zMV3PrmcfvSTsyI6qrcR898NzUauD6SRigg==",
        "dependencies": {
          "Microsoft.IdentityModel.Protocols": "8.0.1",
          "System.IdentityModel.Tokens.Jwt": "8.0.1"
        }
      },
      "Microsoft.IdentityModel.Tokens": {
        "type": "Transitive",
        "resolved": "8.0.1",
        "contentHash": "kDimB6Dkd3nkW2oZPDkMkVHfQt3IDqO5gL0oa8WVy3OP4uE8Ij+8TXnqg9TOd9ufjsY3IDiGz7pCUbnfL18tjg==",
        "dependencies": {
          "Microsoft.IdentityModel.Logging": "8.0.1"
        }
      },
      "Npgsql": {
        "type": "Transitive",
        "resolved": "10.0.3",
        "contentHash": "7nb5YzXuvWWJxB0J8DiyL3we+X4FOctZrt0fIBnucOIaIevFEEwGQVZKtiu9olXdlNAK1eNgqSral6r/jlhI4w=="
      },
      "OpenTelemetry": {
        "type": "Transitive",
        "resolved": "1.18.0",
        "contentHash": "13AKxycK+olOLe061MjliPTNBR/DUkjyRr0b9zwUhKyMjFS8lXS7G31R85rkbM55up2YFmdykWdAw2giBDJpiQ==",
        "dependencies": {
          "OpenTelemetry.Api.ProviderBuilderExtensions": "1.18.0"
        }
      },
      "OpenTelemetry.Api": {
        "type": "Transitive",
        "resolved": "1.18.0",
        "contentHash": "Dhzm5oughIY9EWckt2J1yXcEbXpki5WCL2q7prJoYxzH6C7jdkfGtPMTkUVZZ4AhjJKzQnlC+kLSIlmIVwC4Vw=="
      },
      "OpenTelemetry.Api.ProviderBuilderExtensions": {
        "type": "Transitive",
        "resolved": "1.18.0",
        "contentHash": "io6A6PJFp3vIObRGf6oPjdHsdglkinXt/0SpTDJHrVnsLxUtOzwh/QwTsnhBJ43wJ6QcGMkyNzsSSY8XEB1Q5Q==",
        "dependencies": {
          "OpenTelemetry.Api": "1.18.0"
        }
      },
      "System.IdentityModel.Tokens.Jwt": {
        "type": "Transitive",
        "resolved": "8.0.1",
        "contentHash": "GJw3bYkWpOgvN3tJo5X4lYUeIFA2HD293FPUhKmp7qxS+g5ywAb34Dnd3cDAFLkcMohy5XTpoaZ4uAHuw0uSPQ==",
        "dependencies": {
          "Microsoft.IdentityModel.JsonWebTokens": "8.0.1",
          "Microsoft.IdentityModel.Tokens": "8.0.1"
        }
      },
      "pokemon.application": {
        "type": "Project",
        "dependencies": {
          "MediatR": "[12.5.0, 12.5.0]",
          "Pokemon.Domain": "[1.0.0, )"
        }
      },
      "pokemon.domain": {
        "type": "Project"
      },
      "pokemon.infrastructure": {
        "type": "Project",
        "dependencies": {
          "Npgsql": "[10.0.3, )",
          "Pokemon.Domain": "[1.0.0, )"
        }
      }
    }
  }
}